
Microsoft Visual Studio Solution File, Format Version 12.00
# Visual Studio 15
VisualStudioVersion = 15.0.26124.0
MinimumVisualStudioVersion = 15.0.26124.0
Project("{FAE04EC0-301F-11D3-BF4B-00C04F79EFBC}") = "Answer", "Answer\Answer.csproj", "{DBBCEDF7-0CC2-4B2A-92C6-EA6CD9655CEF}"
EndProject
Project("{FAE04EC0-301F-11D3-BF4B-00C04F79EFBC}") = "Answer.Test", "Answer.Test\Answer.Test.csproj", "{6B4D618D-7870-4860-887F-9331C74967C9}"
EndProject
Global
	GlobalSection(SolutionConfigurationPlatforms) = preSolution
		Debug|Any CPU = Debug|Any CPU
		Debug|x64 = Debug|x64
		Debug|x86 = Debug|x86
		Release|Any CPU = Release|Any CPU
		Release|x64 = Release|x64
		Release|x86 = Release|x86
	EndGlobalSection
	GlobalSection(SolutionProperties) = preSolution
		HideSolutionNode = FALSE
	EndGlobalSection
	GlobalSection(ProjectConfigurationPlatforms) = postSolution
		{DBBCEDF7-0CC2-4B2A-92C6-EA6CD9655CEF}.Debug|Any CPU.ActiveCfg = Debug|Any CPU
		{DBBCEDF7-0CC2-4B2A-92C6-EA6CD9655CEF}.Debug|Any CPU.Build.0 = Debug|Any CPU
		{DBBCEDF7-0CC2-4B2A-92C6-EA6CD9655CEF}.Debug|x64.ActiveCfg = Debug|Any CPU
		{DBBCEDF7-0CC2-4B2A-92C6-EA6CD9655CEF}.Debug|x64.Build.0 = Debug|Any CPU
		{DBBCEDF7-0CC2-4B2A-92C6-EA6CD9655CEF}.Debug|x86.ActiveCfg = Debug|Any CPU
		{DBBCEDF7-0CC2-4B2A-92C6-EA6CD9655CEF}.Debug|x86.Build.0 = Debug|Any CPU
		{DBBCEDF7-0CC2-4B2A-92C6-EA6CD9655CEF}.Release|Any CPU.ActiveCfg = Release|Any CPU
		{DBBCEDF7-0CC2-4B2A-92C6-EA6CD9655CEF}.Release|Any CPU.Build.0 = Release|Any CPU
		{DBBCEDF7-0CC2-4B2A-92C6-EA6CD9655CEF}.Release|x64.ActiveCfg = Release|Any CPU
		{DBBCEDF7-0CC2-4B2A-92C6-EA6CD9655CEF}.Release|x64.Build.0 = Release|Any CPU
		{DBBCEDF7-0CC2-4B2A-92C6-EA6CD9655CEF}.Release|x86.ActiveCfg = Release|Any CPU
		{DBBCEDF7-0CC2-4B2A-92C6-EA6CD9655CEF}.Release|x86.Build.0 = Release|Any CPU
		{6B4D618D-7870-4860-887F-9331C74967C9}.Debug|Any CPU.ActiveCfg = Debug|Any CPU
		{6B4D618D-7870-4860-887F-9331C74967C9}.Debug|Any CPU.Build.0 = Debug|Any CPU
		{6B4D618D-7870-4860-887F-9331C74967C9}.Debug|x64.ActiveCfg = Debug|Any CPU
		{6B4D618D-7870-4860-887F-9331C74967C9}.Debug|x64.Build.0 = Debug|Any CPU
		{6B4D618D-7870-4860-887F-9331C74967C9}.Debug|x86.ActiveCfg = Debug|Any CPU
		{6B4D618D-7870-4860-887F-9331C74967C9}.Debug|x86.Build.0 = Debug|Any CPU
		{6B4D618D-7870-4860-887F-9331C74967C9}.Release|Any CPU.ActiveCfg = Release|Any CPU
		{6B4D618D-7870-4860-887F-9331C74967C9}.Release|Any CPU.Build.0 = Release|Any CPU
		{6B4D618D-7870-4860-887F-9331C74967C9}.Release|x64.ActiveCfg = Release|Any CPU
		{6B4D618D-7870-4860-887F-9331C74967C9}.Release|x64.Build.0 = Release|Any CPU
		{6B4D618D-7870-4860-887F-9331C74967C9}.Release|x86.ActiveCfg = Release|Any CPU
		{6B4D618D-7870-4860-887F-9331C74967C9}.Release|x86.Build.0 = Release|Any CPU
	EndGlobalSection
EndGlobal
